
Microsoft Visual Studio Solution File, Format Version 12.00
# Visual Studio Version 17
VisualStudioVersion = 17.4.33403.182
MinimumVisualStudioVersion = 10.0.40219.1
Project("{FAE04EC0-301F-11D3-BF4B-00C04F79EFBC}") = "AppSklepZoologiczny", "AppSklepZoologiczny\AppSklepZoologiczny.csproj", "{3979F6B3-F191-44F5-880B-C333B04BEF71}"
EndProject
Global
	GlobalSection(SolutionConfigurationPlatforms) = preSolution
		Debug|Any CPU = Debug|Any CPU
		Release|Any CPU = Release|Any CPU
	EndGlobalSection
	GlobalSection(ProjectConfigurationPlatforms) = postSolution
		{3979F6B3-F191-44F5-880B-C333B04BEF71}.Debug|Any CPU.ActiveCfg = Debug|Any CPU
		{3979F6B3-F191-44F5-880B-C333B04BEF71}.Debug|Any CPU.Build.0 = Debug|Any CPU
		{3979F6B3-F191-44F5-880B-C333B04BEF71}.Release|Any CPU.ActiveCfg = Release|Any CPU
		{3979F6B3-F191-44F5-880B-C333B04BEF71}.Release|Any CPU.Build.0 = Release|Any CPU
	EndGlobalSection
	GlobalSection(SolutionProperties) = preSolution
		HideSolutionNode = FALSE
	EndGlobalSection
	GlobalSection(ExtensibilityGlobals) = postSolution
		SolutionGuid = {50A87198-1BAB-4C84-843E-EF837A67A06D}
	EndGlobalSection
EndGlobal
